
Microsoft Visual Studio Solution File, Format Version 12.00
# Visual Studio 14
VisualStudioVersion = 14.0.24720.0
MinimumVisualStudioVersion = 10.0.40219.1
Project("{FAE04EC0-301F-11D3-BF4B-00C04F79EFBC}") = "iCUE HTTP Server", "iCUE HTTP Server\iCUE HTTP Server.csproj", "{9018D3A4-0374-48EF-9EC5-756C17E88763}"
EndProject
Project("{FAE04EC0-301F-11D3-BF4B-00C04F79EFBC}") = "iCUE CgSDK Handler", "iCUE CgSDK Handler\iCUE CgSDK Handler.csproj", "{E2E7931A-C44A-4DC0-9FF4-82B696E1C19B}"
EndProject
Global
	GlobalSection(SolutionConfigurationPlatforms) = preSolution
		Debug|Any CPU = Debug|Any CPU
		Release|Any CPU = Release|Any CPU
	EndGlobalSection
	GlobalSection(ProjectConfigurationPlatforms) = postSolution
		{9018D3A4-0374-48EF-9EC5-756C17E88763}.Debug|Any CPU.ActiveCfg = Debug|Any CPU
		{9018D3A4-0374-48EF-9EC5-756C17E88763}.Debug|Any CPU.Build.0 = Debug|Any CPU
		{9018D3A4-0374-48EF-9EC5-756C17E88763}.Release|Any CPU.ActiveCfg = Release|Any CPU
		{9018D3A4-0374-48EF-9EC5-756C17E88763}.Release|Any CPU.Build.0 = Release|Any CPU
		{E2E7931A-C44A-4DC0-9FF4-82B696E1C19B}.Debug|Any CPU.ActiveCfg = Debug|Any CPU
		{E2E7931A-C44A-4DC0-9FF4-82B696E1C19B}.Debug|Any CPU.Build.0 = Debug|Any CPU
		{E2E7931A-C44A-4DC0-9FF4-82B696E1C19B}.Release|Any CPU.ActiveCfg = Release|Any CPU
		{E2E7931A-C44A-4DC0-9FF4-82B696E1C19B}.Release|Any CPU.Build.0 = Release|Any CPU
	EndGlobalSection
	GlobalSection(SolutionProperties) = preSolution
		HideSolutionNode = FALSE
	EndGlobalSection
EndGlobal
